
Microsoft Visual Studio Solution File, Format Version 12.00
# Visual Studio Version 17
VisualStudioVersion = 17.4.33110.190
MinimumVisualStudioVersion = 10.0.40219.1
Project("{FAE04EC0-301F-11D3-BF4B-00C04F79EFBC}") = "MockInterview.Api", "MockInterview.Api\MockInterview.Api.csproj", "{37089B2A-FEEC-4FA0-9085-580790AE332A}"
EndProject
Global
	GlobalSection(SolutionConfigurationPlatforms) = preSolution
		Debug|Any CPU = Debug|Any CPU
		Release|Any CPU = Release|Any CPU
	EndGlobalSection
	GlobalSection(ProjectConfigurationPlatforms) = postSolution
		{37089B2A-FEEC-4FA0-9085-580790AE332A}.Debug|Any CPU.ActiveCfg = Debug|Any CPU
		{37089B2A-FEEC-4FA0-9085-580790AE332A}.Debug|Any CPU.Build.0 = Debug|Any CPU
		{37089B2A-FEEC-4FA0-9085-580790AE332A}.Release|Any CPU.ActiveCfg = Release|Any CPU
		{37089B2A-FEEC-4FA0-9085-580790AE332A}.Release|Any CPU.Build.0 = Release|Any CPU
	EndGlobalSection
	GlobalSection(SolutionProperties) = preSolution
		HideSolutionNode = FALSE
	EndGlobalSection
	GlobalSection(ExtensibilityGlobals) = postSolution
		SolutionGuid = {DA9A380D-F257-496F-BD6C-737DA066AC25}
	EndGlobalSection
EndGlobal
